
Microsoft Visual Studio Solution File, Format Version 12.00
# Visual Studio Version 17
VisualStudioVersion = 17.0.31903.59
MinimumVisualStudioVersion = 10.0.40219.1
Project("{2150E333-8FDC-42A3-9474-1A3956D46DE8}") = "04-openai-dotnet-cli", "04-openai-dotnet-cli", "{F1A2B3C4-D5E6-F7A8-B9CA-123456789ABC}"
EndProject
Project("{2150E333-8FDC-42A3-9474-1A3956D46DE8}") = "06-semantic-kernel-dotnet", "06-semantic-kernel-dotnet", "{E2B3C4D5-F6A7-B8C9-DAEA-234567890BCD}"
EndProject
Project("{2150E333-8FDC-42A3-9474-1A3956D46DE8}") = "07-foundry-sdk-dotnet", "07-foundry-sdk-dotnet", "{D3C4D5E6-A7B8-C9DA-EBFB-345678901CDE}"
EndProject
Project("{2150E333-8FDC-42A3-9474-1A3956D46DE8}") = "02-openai-python-notebook", "02-openai-python-notebook", "{A1B2C3D4-E5F6-7890-ABCD-123456789012}"
	ProjectSection(SolutionItems) = preProject
		samples\02-openai-python-notebook\openai-sample.ipynb = samples\02-openai-python-notebook\openai-sample.ipynb
		samples\02-openai-python-notebook\README.md = samples\02-openai-python-notebook\README.md
	EndProjectSection
EndProject
Project("{2150E333-8FDC-42A3-9474-1A3956D46DE8}") = "03-openai-python-cli", "03-openai-python-cli", "{B2C3D4E5-F6A7-8901-BCDE-234567890123}"
	ProjectSection(SolutionItems) = preProject
		samples\03-openai-python-cli\openai-cli.py = samples\03-openai-python-cli\openai-cli.py
		samples\03-openai-python-cli\openai-streaming-cli.py = samples\03-openai-python-cli\openai-streaming-cli.py
	EndProjectSection
EndProject
Project("{2150E333-8FDC-42A3-9474-1A3956D46DE8}") = "05-langchain-notebook", "05-langchain-notebook", "{C3D4E5F6-A7B8-9012-CDEF-345678901234}"
	ProjectSection(SolutionItems) = preProject
		samples\05-langchain-notebook\langchain-sample.ipynb = samples\05-langchain-notebook\langchain-sample.ipynb
	EndProjectSection
EndProject
Project("{9A19103F-16F7-4668-BE54-9A1E7A4F7556}") = "OpenAI.NonStreaming.Sample", "samples\04-openai-dotnet-cli\nonstreaming\OpenAI.NonStreaming.Sample.csproj", "{E19EFCE1-19B2-4793-A1CB-09D882E7A2C5}"
EndProject
Project("{9A19103F-16F7-4668-BE54-9A1E7A4F7556}") = "OpenAI.Streaming.Sample", "samples\04-openai-dotnet-cli\streaming\OpenAI.Streaming.Sample.csproj", "{804A5D11-B97A-468E-A343-A1F90029B613}"
EndProject
Project("{9A19103F-16F7-4668-BE54-9A1E7A4F7556}") = "SemanticKernel.NonStreaming.Sample", "samples\06-semantic-kernel-dotnet\nonstreaming\SemanticKernel.NonStreaming.Sample.csproj", "{8553B344-0813-4B05-A1CA-705B66D851B5}"
EndProject
Project("{9A19103F-16F7-4668-BE54-9A1E7A4F7556}") = "SemanticKernel.Streaming.Sample", "samples\06-semantic-kernel-dotnet\streaming\SemanticKernel.Streaming.Sample.csproj", "{869B91A5-226B-4BFE-A4F7-99DC1FF4FB37}"
EndProject
Project("{9A19103F-16F7-4668-BE54-9A1E7A4F7556}") = "FoundrySDK.NonStreaming.Sample", "samples\07-foundry-sdk-dotnet\nonstreaming\FoundrySDK.NonStreaming.Sample.csproj", "{8EEF146E-7843-47C3-95E3-E996EE0B3B2C}"
EndProject
Project("{9A19103F-16F7-4668-BE54-9A1E7A4F7556}") = "FoundrySDK.Streaming.Sample", "samples\07-foundry-sdk-dotnet\streaming\FoundrySDK.Streaming.Sample.csproj", "{EFED49C0-661C-407C-8EA9-7E4804D29CE5}"
EndProject
Project("{9A19103F-16F7-4668-BE54-9A1E7A4F7556}") = "08-multimodel-comparison", "samples\08-multimodel-comparison\08-multimodel-comparison.csproj", "{1FC74596-0821-42A6-9984-C20771B83902}"
EndProject
Project("{9A19103F-16F7-4668-BE54-9A1E7A4F7556}") = "09-multimodal-storage", "samples\09-multimodal-storage\09-multimodal-storage.csproj", "{AC26F40A-42F8-4FFD-B25F-5F78075550EF}"
EndProject
Project("{9A19103F-16F7-4668-BE54-9A1E7A4F7556}") = "10-tool-calling-manual", "samples\10-tool-calling-manual\10-tool-calling-manual.csproj", "{7735D73F-319C-40AF-9E87-D8FB56EA445C}"
EndProject
Project("{9A19103F-16F7-4668-BE54-9A1E7A4F7556}") = "11-tool-calling-semantic-kernel", "samples\11-tool-calling-semantic-kernel\11-tool-calling-semantic-kernel.csproj", "{89B1443E-FAA8-4597-8A44-3E0195CF97DD}"
EndProject
Project("{9A19103F-16F7-4668-BE54-9A1E7A4F7556}") = "12-prompt-templating-semantic-kernel", "samples\12-prompt-templating-semantic-kernel\12-prompt-templating-semantic-kernel.csproj", "{3EC88628-D830-40C7-B2D1-74A2D911AA6B}"
EndProject
Global
	GlobalSection(SolutionConfigurationPlatforms) = preSolution
		Debug|Any CPU = Debug|Any CPU
		Release|Any CPU = Release|Any CPU
	EndGlobalSection
	GlobalSection(ProjectConfigurationPlatforms) = postSolution
		{E19EFCE1-19B2-4793-A1CB-09D882E7A2C5}.Debug|Any CPU.ActiveCfg = Debug|Any CPU
		{E19EFCE1-19B2-4793-A1CB-09D882E7A2C5}.Debug|Any CPU.Build.0 = Debug|Any CPU
		{E19EFCE1-19B2-4793-A1CB-09D882E7A2C5}.Release|Any CPU.ActiveCfg = Release|Any CPU
		{E19EFCE1-19B2-4793-A1CB-09D882E7A2C5}.Release|Any CPU.Build.0 = Release|Any CPU
		{804A5D11-B97A-468E-A343-A1F90029B613}.Debug|Any CPU.ActiveCfg = Debug|Any CPU
		{804A5D11-B97A-468E-A343-A1F90029B613}.Debug|Any CPU.Build.0 = Debug|Any CPU
		{804A5D11-B97A-468E-A343-A1F90029B613}.Release|Any CPU.ActiveCfg = Release|Any CPU
		{804A5D11-B97A-468E-A343-A1F90029B613}.Release|Any CPU.Build.0 = Release|Any CPU
		{8553B344-0813-4B05-A1CA-705B66D851B5}.Debug|Any CPU.ActiveCfg = Debug|Any CPU
		{8553B344-0813-4B05-A1CA-705B66D851B5}.Debug|Any CPU.Build.0 = Debug|Any CPU
		{8553B344-0813-4B05-A1CA-705B66D851B5}.Release|Any CPU.ActiveCfg = Release|Any CPU
		{8553B344-0813-4B05-A1CA-705B66D851B5}.Release|Any CPU.Build.0 = Release|Any CPU
		{869B91A5-226B-4BFE-A4F7-99DC1FF4FB37}.Debug|Any CPU.ActiveCfg = Debug|Any CPU
		{869B91A5-226B-4BFE-A4F7-99DC1FF4FB37}.Debug|Any CPU.Build.0 = Debug|Any CPU
		{869B91A5-226B-4BFE-A4F7-99DC1FF4FB37}.Release|Any CPU.ActiveCfg = Release|Any CPU
		{869B91A5-226B-4BFE-A4F7-99DC1FF4FB37}.Release|Any CPU.Build.0 = Release|Any CPU
		{8EEF146E-7843-47C3-95E3-E996EE0B3B2C}.Debug|Any CPU.ActiveCfg = Debug|Any CPU
		{8EEF146E-7843-47C3-95E3-E996EE0B3B2C}.Debug|Any CPU.Build.0 = Debug|Any CPU
		{8EEF146E-7843-47C3-95E3-E996EE0B3B2C}.Release|Any CPU.ActiveCfg = Release|Any CPU
		{8EEF146E-7843-47C3-95E3-E996EE0B3B2C}.Release|Any CPU.Build.0 = Release|Any CPU
		{EFED49C0-661C-407C-8EA9-7E4804D29CE5}.Debug|Any CPU.ActiveCfg = Debug|Any CPU
		{EFED49C0-661C-407C-8EA9-7E4804D29CE5}.Debug|Any CPU.Build.0 = Debug|Any CPU
		{EFED49C0-661C-407C-8EA9-7E4804D29CE5}.Release|Any CPU.ActiveCfg = Release|Any CPU
		{EFED49C0-661C-407C-8EA9-7E4804D29CE5}.Release|Any CPU.Build.0 = Release|Any CPU
		{1FC74596-0821-42A6-9984-C20771B83902}.Debug|Any CPU.ActiveCfg = Debug|Any CPU
		{1FC74596-0821-42A6-9984-C20771B83902}.Debug|Any CPU.Build.0 = Debug|Any CPU
		{1FC74596-0821-42A6-9984-C20771B83902}.Release|Any CPU.ActiveCfg = Release|Any CPU
		{1FC74596-0821-42A6-9984-C20771B83902}.Release|Any CPU.Build.0 = Release|Any CPU
		{AC26F40A-42F8-4FFD-B25F-5F78075550EF}.Debug|Any CPU.ActiveCfg = Debug|Any CPU
		{AC26F40A-42F8-4FFD-B25F-5F78075550EF}.Debug|Any CPU.Build.0 = Debug|Any CPU
		{AC26F40A-42F8-4FFD-B25F-5F78075550EF}.Release|Any CPU.ActiveCfg = Release|Any CPU
		{AC26F40A-42F8-4FFD-B25F-5F78075550EF}.Release|Any CPU.Build.0 = Release|Any CPU
		{7735D73F-319C-40AF-9E87-D8FB56EA445C}.Debug|Any CPU.ActiveCfg = Debug|Any CPU
		{7735D73F-319C-40AF-9E87-D8FB56EA445C}.Debug|Any CPU.Build.0 = Debug|Any CPU
		{7735D73F-319C-40AF-9E87-D8FB56EA445C}.Release|Any CPU.ActiveCfg = Release|Any CPU
		{7735D73F-319C-40AF-9E87-D8FB56EA445C}.Release|Any CPU.Build.0 = Release|Any CPU
		{89B1443E-FAA8-4597-8A44-3E0195CF97DD}.Debug|Any CPU.ActiveCfg = Debug|Any CPU
		{89B1443E-FAA8-4597-8A44-3E0195CF97DD}.Debug|Any CPU.Build.0 = Debug|Any CPU
		{89B1443E-FAA8-4597-8A44-3E0195CF97DD}.Release|Any CPU.ActiveCfg = Release|Any CPU
		{89B1443E-FAA8-4597-8A44-3E0195CF97DD}.Release|Any CPU.Build.0 = Release|Any CPU
		{3EC88628-D830-40C7-B2D1-74A2D911AA6B}.Debug|Any CPU.ActiveCfg = Debug|Any CPU
		{3EC88628-D830-40C7-B2D1-74A2D911AA6B}.Debug|Any CPU.Build.0 = Debug|Any CPU
		{3EC88628-D830-40C7-B2D1-74A2D911AA6B}.Release|Any CPU.ActiveCfg = Release|Any CPU
		{3EC88628-D830-40C7-B2D1-74A2D911AA6B}.Release|Any CPU.Build.0 = Release|Any CPU
	EndGlobalSection
	GlobalSection(SolutionProperties) = preSolution
		HideSolutionNode = FALSE
	EndGlobalSection
	GlobalSection(NestedProjects) = preSolution
		{E19EFCE1-19B2-4793-A1CB-09D882E7A2C5} = {F1A2B3C4-D5E6-F7A8-B9CA-123456789ABC}
		{804A5D11-B97A-468E-A343-A1F90029B613} = {F1A2B3C4-D5E6-F7A8-B9CA-123456789ABC}
		{8553B344-0813-4B05-A1CA-705B66D851B5} = {E2B3C4D5-F6A7-B8C9-DAEA-234567890BCD}
		{869B91A5-226B-4BFE-A4F7-99DC1FF4FB37} = {E2B3C4D5-F6A7-B8C9-DAEA-234567890BCD}
		{8EEF146E-7843-47C3-95E3-E996EE0B3B2C} = {D3C4D5E6-A7B8-C9DA-EBFB-345678901CDE}
		{EFED49C0-661C-407C-8EA9-7E4804D29CE5} = {D3C4D5E6-A7B8-C9DA-EBFB-345678901CDE}
	EndGlobalSection
	GlobalSection(ExtensibilityGlobals) = postSolution
		SolutionGuid = {1F2E3D4C-5B6A-7980-8E9F-0A1B2C3D4E5F}
	EndGlobalSection
EndGlobal
